Microsoft Visual Studio Solution File, Format Version 12.00
# Visual Studio Version 17
VisualStudioVersion = 17.5.2.0
MinimumVisualStudioVersion = 10.0.40219.1
Project("{FAE04EC0-301F-11D3-BF4B-00C04F79EFBC}") = "MyPortfolioApp", "MyPortfolioApp.csproj", "{B132D2DA-1A64-A016-4EA4-D41678659F7C}"
EndProject
Global
	GlobalSection(SolutionConfigurationPlatforms) = preSolution
		Debug|Any CPU = Debug|Any CPU
		Release|Any CPU = Release|Any CPU
	EndGlobalSection
	GlobalSection(ProjectConfigurationPlatforms) = postSolution
		{B132D2DA-1A64-A016-4EA4-D41678659F7C}.Debug|Any CPU.ActiveCfg = Debug|Any CPU
		{B132D2DA-1A64-A016-4EA4-D41678659F7C}.Debug|Any CPU.Build.0 = Debug|Any CPU
		{B132D2DA-1A64-A016-4EA4-D41678659F7C}.Release|Any CPU.ActiveCfg = Release|Any CPU
		{B132D2DA-1A64-A016-4EA4-D41678659F7C}.Release|Any CPU.Build.0 = Release|Any CPU
	EndGlobalSection
	GlobalSection(SolutionProperties) = preSolution
		HideSolutionNode = FALSE
	EndGlobalSection
	GlobalSection(ExtensibilityGlobals) = postSolution
		SolutionGuid = {746AFBF7-1AF1-4D78-B9DE-7DC4E806240B}
	EndGlobalSection
EndGlobal
