Microsoft Visual Studio Solution File, Format Version 12.00
# Visual Studio Version 17
VisualStudioVersion = 17.5.2.0
MinimumVisualStudioVersion = 10.0.40219.1
Project("{FAE04EC0-301F-11D3-BF4B-00C04F79EFBC}") = "HeroBuilderApp", "HeroBuilderApp.csproj", "{B6E39137-359F-B00E-377E-501B2674317F}"
EndProject
Global
	GlobalSection(SolutionConfigurationPlatforms) = preSolution
		Debug|Any CPU = Debug|Any CPU
		Release|Any CPU = Release|Any CPU
	EndGlobalSection
	GlobalSection(ProjectConfigurationPlatforms) = postSolution
		{B6E39137-359F-B00E-377E-501B2674317F}.Debug|Any CPU.ActiveCfg = Debug|Any CPU
		{B6E39137-359F-B00E-377E-501B2674317F}.Debug|Any CPU.Build.0 = Debug|Any CPU
		{B6E39137-359F-B00E-377E-501B2674317F}.Release|Any CPU.ActiveCfg = Release|Any CPU
		{B6E39137-359F-B00E-377E-501B2674317F}.Release|Any CPU.Build.0 = Release|Any CPU
	EndGlobalSection
	GlobalSection(SolutionProperties) = preSolution
		HideSolutionNode = FALSE
	EndGlobalSection
	GlobalSection(ExtensibilityGlobals) = postSolution
		SolutionGuid = {44E92C8B-11EA-4BC7-905A-4B58D9AB5758}
	EndGlobalSection
EndGlobal
