Microsoft Visual Studio Solution File, Format Version 12.00
# Visual Studio Version 17
VisualStudioVersion = 17.5.2.0
MinimumVisualStudioVersion = 10.0.40219.1
Project("{FAE04EC0-301F-11D3-BF4B-00C04F79EFBC}") = "FunctionsInCSharp", "FunctionsInCSharp.csproj", "{AEBC6F7F-DEA4-55F3-2847-78091522211B}"
EndProject
Global
	GlobalSection(SolutionConfigurationPlatforms) = preSolution
		Debug|Any CPU = Debug|Any CPU
		Release|Any CPU = Release|Any CPU
	EndGlobalSection
	GlobalSection(ProjectConfigurationPlatforms) = postSolution
		{AEBC6F7F-DEA4-55F3-2847-78091522211B}.Debug|Any CPU.ActiveCfg = Debug|Any CPU
		{AEBC6F7F-DEA4-55F3-2847-78091522211B}.Debug|Any CPU.Build.0 = Debug|Any CPU
		{AEBC6F7F-DEA4-55F3-2847-78091522211B}.Release|Any CPU.ActiveCfg = Release|Any CPU
		{AEBC6F7F-DEA4-55F3-2847-78091522211B}.Release|Any CPU.Build.0 = Release|Any CPU
	EndGlobalSection
	GlobalSection(SolutionProperties) = preSolution
		HideSolutionNode = FALSE
	EndGlobalSection
	GlobalSection(ExtensibilityGlobals) = postSolution
		SolutionGuid = {79C1BCA0-ED6F-4AEA-A054-627B1743730C}
	EndGlobalSection
EndGlobal
