Microsoft Visual Studio Solution File, Format Version 12.00
# Visual Studio Version 17
VisualStudioVersion = 17.5.2.0
MinimumVisualStudioVersion = 10.0.40219.1
Project("{FAE04EC0-301F-11D3-BF4B-00C04F79EFBC}") = "RetroGameLibrary", "RetroGameLibrary.csproj", "{164AEF43-B54B-7B25-16A7-86F4CA37A3F2}"
EndProject
Global
	GlobalSection(SolutionConfigurationPlatforms) = preSolution
		Debug|Any CPU = Debug|Any CPU
		Release|Any CPU = Release|Any CPU
	EndGlobalSection
	GlobalSection(ProjectConfigurationPlatforms) = postSolution
		{164AEF43-B54B-7B25-16A7-86F4CA37A3F2}.Debug|Any CPU.ActiveCfg = Debug|Any CPU
		{164AEF43-B54B-7B25-16A7-86F4CA37A3F2}.Debug|Any CPU.Build.0 = Debug|Any CPU
		{164AEF43-B54B-7B25-16A7-86F4CA37A3F2}.Release|Any CPU.ActiveCfg = Release|Any CPU
		{164AEF43-B54B-7B25-16A7-86F4CA37A3F2}.Release|Any CPU.Build.0 = Release|Any CPU
	EndGlobalSection
	GlobalSection(SolutionProperties) = preSolution
		HideSolutionNode = FALSE
	EndGlobalSection
	GlobalSection(ExtensibilityGlobals) = postSolution
		SolutionGuid = {121A5B54-96AB-435A-9AA9-D43BB54CA525}
	EndGlobalSection
EndGlobal
