Microsoft Visual Studio Solution File, Format Version 12.00
# Visual Studio Version 17
VisualStudioVersion = 17.5.2.0
MinimumVisualStudioVersion = 10.0.40219.1
Project("{FAE04EC0-301F-11D3-BF4B-00C04F79EFBC}") = "HeroRegistrationForm", "HeroRegistrationForm.csproj", "{7987F61F-4555-9C87-192F-8EA786CEE756}"
EndProject
Global
	GlobalSection(SolutionConfigurationPlatforms) = preSolution
		Debug|Any CPU = Debug|Any CPU
		Release|Any CPU = Release|Any CPU
	EndGlobalSection
	GlobalSection(ProjectConfigurationPlatforms) = postSolution
		{7987F61F-4555-9C87-192F-8EA786CEE756}.Debug|Any CPU.ActiveCfg = Debug|Any CPU
		{7987F61F-4555-9C87-192F-8EA786CEE756}.Debug|Any CPU.Build.0 = Debug|Any CPU
		{7987F61F-4555-9C87-192F-8EA786CEE756}.Release|Any CPU.ActiveCfg = Release|Any CPU
		{7987F61F-4555-9C87-192F-8EA786CEE756}.Release|Any CPU.Build.0 = Release|Any CPU
	EndGlobalSection
	GlobalSection(SolutionProperties) = preSolution
		HideSolutionNode = FALSE
	EndGlobalSection
	GlobalSection(ExtensibilityGlobals) = postSolution
		SolutionGuid = {05235B90-F55D-44A9-A211-B56898C6AB73}
	EndGlobalSection
EndGlobal
