Microsoft Visual Studio Solution File, Format Version 12.00
# Visual Studio Version 17
VisualStudioVersion = 17.5.2.0
MinimumVisualStudioVersion = 10.0.40219.1
Project("{FAE04EC0-301F-11D3-BF4B-00C04F79EFBC}") = "AlbumsApiCrud", "AlbumsApiCrud.csproj", "{59B572C3-1559-B1C6-C99B-5E197C703FDC}"
EndProject
Global
	GlobalSection(SolutionConfigurationPlatforms) = preSolution
		Debug|Any CPU = Debug|Any CPU
		Release|Any CPU = Release|Any CPU
	EndGlobalSection
	GlobalSection(ProjectConfigurationPlatforms) = postSolution
		{59B572C3-1559-B1C6-C99B-5E197C703FDC}.Debug|Any CPU.ActiveCfg = Debug|Any CPU
		{59B572C3-1559-B1C6-C99B-5E197C703FDC}.Debug|Any CPU.Build.0 = Debug|Any CPU
		{59B572C3-1559-B1C6-C99B-5E197C703FDC}.Release|Any CPU.ActiveCfg = Release|Any CPU
		{59B572C3-1559-B1C6-C99B-5E197C703FDC}.Release|Any CPU.Build.0 = Release|Any CPU
	EndGlobalSection
	GlobalSection(SolutionProperties) = preSolution
		HideSolutionNode = FALSE
	EndGlobalSection
	GlobalSection(ExtensibilityGlobals) = postSolution
		SolutionGuid = {4AF4F22F-6DB8-48CB-A37A-869EFA8E9686}
	EndGlobalSection
EndGlobal
